
Microsoft Visual Studio Solution File, Format Version 12.00
# Visual Studio Version 16
VisualStudioVersion = 16.0.31005.135
MinimumVisualStudioVersion = 10.0.40219.1
Project("{9A19103F-16F7-4668-BE54-9A1E7A4F7556}") = "DataAccess", "DataAccess\DataAccess.csproj", "{8249A495-9DA4-4732-A3E2-875646280102}"
EndProject
Project("{9A19103F-16F7-4668-BE54-9A1E7A4F7556}") = "Business", "Business\Business.csproj", "{5136AFC9-CCA2-4F9E-B112-4AC6C73E9F76}"
EndProject
Project("{9A19103F-16F7-4668-BE54-9A1E7A4F7556}") = "Entities", "Entities\Entities.csproj", "{832122D0-99B7-468B-96A9-C3DFCD97E80A}"
EndProject
Project("{9A19103F-16F7-4668-BE54-9A1E7A4F7556}") = "ConsoleUI", "ConsoleUI\ConsoleUI.csproj", "{F073BEA3-761E-49D7-9649-A0518B35B0DA}"
EndProject
Project("{FAE04EC0-301F-11D3-BF4B-00C04F79EFBC}") = "Core", "Core\Core.csproj", "{F03F860F-D5F0-439C-B287-5DB610984A8F}"
EndProject
Global
	GlobalSection(SolutionConfigurationPlatforms) = preSolution
		Debug|Any CPU = Debug|Any CPU
		Release|Any CPU = Release|Any CPU
	EndGlobalSection
	GlobalSection(ProjectConfigurationPlatforms) = postSolution
		{8249A495-9DA4-4732-A3E2-875646280102}.Debug|Any CPU.ActiveCfg = Debug|Any CPU
		{8249A495-9DA4-4732-A3E2-875646280102}.Debug|Any CPU.Build.0 = Debug|Any CPU
		{8249A495-9DA4-4732-A3E2-875646280102}.Release|Any CPU.ActiveCfg = Release|Any CPU
		{8249A495-9DA4-4732-A3E2-875646280102}.Release|Any CPU.Build.0 = Release|Any CPU
		{5136AFC9-CCA2-4F9E-B112-4AC6C73E9F76}.Debug|Any CPU.ActiveCfg = Debug|Any CPU
		{5136AFC9-CCA2-4F9E-B112-4AC6C73E9F76}.Debug|Any CPU.Build.0 = Debug|Any CPU
		{5136AFC9-CCA2-4F9E-B112-4AC6C73E9F76}.Release|Any CPU.ActiveCfg = Release|Any CPU
		{5136AFC9-CCA2-4F9E-B112-4AC6C73E9F76}.Release|Any CPU.Build.0 = Release|Any CPU
		{832122D0-99B7-468B-96A9-C3DFCD97E80A}.Debug|Any CPU.ActiveCfg = Debug|Any CPU
		{832122D0-99B7-468B-96A9-C3DFCD97E80A}.Debug|Any CPU.Build.0 = Debug|Any CPU
		{832122D0-99B7-468B-96A9-C3DFCD97E80A}.Release|Any CPU.ActiveCfg = Release|Any CPU
		{832122D0-99B7-468B-96A9-C3DFCD97E80A}.Release|Any CPU.Build.0 = Release|Any CPU
		{F073BEA3-761E-49D7-9649-A0518B35B0DA}.Debug|Any CPU.ActiveCfg = Debug|Any CPU
		{F073BEA3-761E-49D7-9649-A0518B35B0DA}.Debug|Any CPU.Build.0 = Debug|Any CPU
		{F073BEA3-761E-49D7-9649-A0518B35B0DA}.Release|Any CPU.ActiveCfg = Release|Any CPU
		{F073BEA3-761E-49D7-9649-A0518B35B0DA}.Release|Any CPU.Build.0 = Release|Any CPU
		{F03F860F-D5F0-439C-B287-5DB610984A8F}.Debug|Any CPU.ActiveCfg = Debug|Any CPU
		{F03F860F-D5F0-439C-B287-5DB610984A8F}.Debug|Any CPU.Build.0 = Debug|Any CPU
		{F03F860F-D5F0-439C-B287-5DB610984A8F}.Release|Any CPU.ActiveCfg = Release|Any CPU
		{F03F860F-D5F0-439C-B287-5DB610984A8F}.Release|Any CPU.Build.0 = Release|Any CPU
	EndGlobalSection
	GlobalSection(SolutionProperties) = preSolution
		HideSolutionNode = FALSE
	EndGlobalSection
	GlobalSection(ExtensibilityGlobals) = postSolution
		SolutionGuid = {74D1908E-F994-4D8A-8ECB-485BF7E9D8FF}
	EndGlobalSection
EndGlobal
